dependencies:
- name: redis
  repository: https://charts.bitnami.com/bitnami
  version: 18.6.1
- name: postgresql
  repository: https://charts.bitnami.com/bitnami
  version: 12.12.10
digest: sha256:2c0dfc67627a98da6bac201a49d4152d5b49f5fd343e080a49048de1b9e2e133
generated: "2026-04-16T12:14:20.910371784+05:00"
